
Microsoft Visual Studio Solution File, Format Version 12.00
# Visual Studio 2013
VisualStudioVersion = 12.0.31101.0
MinimumVisualStudioVersion = 10.0.40219.1
Project("{FAE04EC0-301F-11D3-BF4B-00C04F79EFBC}") = "DCSBiosImportExample", "DCSBiosImportExample\DCSBiosImportExample.csproj", "{46ECBCB3-5025-4991-9C92-AC6480CA68A4}"
EndProject
Project("{FAE04EC0-301F-11D3-BF4B-00C04F79EFBC}") = "ReadComPortExample", "ReadComPortExample\ReadComPortExample.csproj", "{3FCFCB78-1CF0-4BB3-9CF0-16EAA85829EE}"
EndProject
Project("{FAE04EC0-301F-11D3-BF4B-00C04F79EFBC}") = "VirtualCockpit", "VirtualCockpit\VirtualCockpit.csproj", "{0BC475C8-1536-4B31-848E-B5C225F09074}"
EndProject
Project("{FAE04EC0-301F-11D3-BF4B-00C04F79EFBC}") = "UdpListener", "UdpListener\UdpListener.csproj", "{BC59BFF0-C8B2-4563-B9DF-3BA00A42C635}"
EndProject
Project("{FAE04EC0-301F-11D3-BF4B-00C04F79EFBC}") = "ComListener", "ComListener\ComListener.csproj", "{68CCD54B-A101-444D-8909-01B6EE02970B}"
EndProject
Global
	GlobalSection(SolutionConfigurationPlatforms) = preSolution
		Debug|Any CPU = Debug|Any CPU
		Release|Any CPU = Release|Any CPU
	EndGlobalSection
	GlobalSection(ProjectConfigurationPlatforms) = postSolution
		{46ECBCB3-5025-4991-9C92-AC6480CA68A4}.Debug|Any CPU.ActiveCfg = Debug|Any CPU
		{46ECBCB3-5025-4991-9C92-AC6480CA68A4}.Debug|Any CPU.Build.0 = Debug|Any CPU
		{46ECBCB3-5025-4991-9C92-AC6480CA68A4}.Release|Any CPU.ActiveCfg = Release|Any CPU
		{46ECBCB3-5025-4991-9C92-AC6480CA68A4}.Release|Any CPU.Build.0 = Release|Any CPU
		{3FCFCB78-1CF0-4BB3-9CF0-16EAA85829EE}.Debug|Any CPU.ActiveCfg = Debug|Any CPU
		{3FCFCB78-1CF0-4BB3-9CF0-16EAA85829EE}.Debug|Any CPU.Build.0 = Debug|Any CPU
		{3FCFCB78-1CF0-4BB3-9CF0-16EAA85829EE}.Release|Any CPU.ActiveCfg = Release|Any CPU
		{3FCFCB78-1CF0-4BB3-9CF0-16EAA85829EE}.Release|Any CPU.Build.0 = Release|Any CPU
		{0BC475C8-1536-4B31-848E-B5C225F09074}.Debug|Any CPU.ActiveCfg = Debug|Any CPU
		{0BC475C8-1536-4B31-848E-B5C225F09074}.Debug|Any CPU.Build.0 = Debug|Any CPU
		{0BC475C8-1536-4B31-848E-B5C225F09074}.Release|Any CPU.ActiveCfg = Release|Any CPU
		{0BC475C8-1536-4B31-848E-B5C225F09074}.Release|Any CPU.Build.0 = Release|Any CPU
		{BC59BFF0-C8B2-4563-B9DF-3BA00A42C635}.Debug|Any CPU.ActiveCfg = Debug|Any CPU
		{BC59BFF0-C8B2-4563-B9DF-3BA00A42C635}.Debug|Any CPU.Build.0 = Debug|Any CPU
		{BC59BFF0-C8B2-4563-B9DF-3BA00A42C635}.Release|Any CPU.ActiveCfg = Release|Any CPU
		{BC59BFF0-C8B2-4563-B9DF-3BA00A42C635}.Release|Any CPU.Build.0 = Release|Any CPU
		{68CCD54B-A101-444D-8909-01B6EE02970B}.Debug|Any CPU.ActiveCfg = Debug|Any CPU
		{68CCD54B-A101-444D-8909-01B6EE02970B}.Debug|Any CPU.Build.0 = Debug|Any CPU
		{68CCD54B-A101-444D-8909-01B6EE02970B}.Release|Any CPU.ActiveCfg = Release|Any CPU
		{68CCD54B-A101-444D-8909-01B6EE02970B}.Release|Any CPU.Build.0 = Release|Any CPU
	EndGlobalSection
	GlobalSection(SolutionProperties) = preSolution
		HideSolutionNode = FALSE
	EndGlobalSection
EndGlobal
